// !$*UTF8*$!
{
	archiveVersion = 1;
	classes = {
	};
	objectVersion = 50;
	objects = {

/* Begin PBXBuildFile section */
		2A1BEAC920B2B7AE001556B3 /* XHKIT+UIView.swift in Sources */ = {isa = PBXBuildFile; fileRef = 2A1BEAC820B2B7AE001556B3 /* XHKIT+UIView.swift */; };
		2A1BEACB20B2E3E8001556B3 /* XHKIT+UIApplication.swift in Sources */ = {isa = PBXBuildFile; fileRef = 2A1BEACA20B2E3E8001556B3 /* XHKIT+UIApplication.swift */; };
		2A46B3F620AAC57B007298D7 /* AppDelegate.swift in Sources */ = {isa = PBXBuildFile; fileRef = 2A46B3F520AAC57B007298D7 /* AppDelegate.swift */; };
		2A46B3F820AAC57B007298D7 /* ViewController.swift in Sources */ = {isa = PBXBuildFile; fileRef = 2A46B3F720AAC57B007298D7 /* ViewController.swift */; };
		2A46B3FB20AAC57B007298D7 /* Main.storyboard in Resources */ = {isa = PBXBuildFile; fileRef = 2A46B3F920AAC57B007298D7 /* Main.storyboard */; };
		2A46B3FD20AAC57D007298D7 /* Assets.xcassets in Resources */ = {isa = PBXBuildFile; fileRef = 2A46B3FC20AAC57D007298D7 /* Assets.xcassets */; };
		2A46B40020AAC57D007298D7 /* LaunchScreen.storyboard in Resources */ = {isa = PBXBuildFile; fileRef = 2A46B3FE20AAC57D007298D7 /* LaunchScreen.storyboard */; };
		2A46B40B20AAC57D007298D7 /* XHKITTests.swift in Sources */ = {isa = PBXBuildFile; fileRef = 2A46B40A20AAC57D007298D7 /* XHKITTests.swift */; };
		2A46B41620AAC57D007298D7 /* XHKITUITests.swift in Sources */ = {isa = PBXBuildFile; fileRef = 2A46B41520AAC57D007298D7 /* XHKITUITests.swift */; };
		2A46B42420AAC5BB007298D7 /* XHKIT+NSString.swift in Sources */ = {isa = PBXBuildFile; fileRef = 2A46B42320AAC5BB007298D7 /* XHKIT+NSString.swift */; };
		2A608B0620AD2ACD00355E01 /* XHKIT+UIDevice.swift in Sources */ = {isa = PBXBuildFile; fileRef = 2A608B0520AD2ACD00355E01 /* XHKIT+UIDevice.swift */; };
		2A6ABD8920B26DE10069F013 /* XHKIT+UIImage.swift in Sources */ = {isa = PBXBuildFile; fileRef = 2A6ABD8820B26DE10069F013 /* XHKIT+UIImage.swift */; };
/* End PBXBuildFile section */

/* Begin PBXContainerItemProxy section */
		2A46B40720AAC57D007298D7 /* PBXContainerItemProxy */ = {
			isa = PBXContainerItemProxy;
			containerPortal = 2A46B3EA20AAC57B007298D7 /* Project object */;
			proxyType = 1;
			remoteGlobalIDString = 2A46B3F120AAC57B007298D7;
			remoteInfo = XHKIT;
		};
		2A46B41220AAC57D007298D7 /* PBXContainerItemProxy */ = {
			isa = PBXContainerItemProxy;
			containerPortal = 2A46B3EA20AAC57B007298D7 /* Project object */;
			proxyType = 1;
			remoteGlobalIDString = 2A46B3F120AAC57B007298D7;
			remoteInfo = XHKIT;
		};
/* End PBXContainerItemProxy section */

/* Begin PBXFileReference section */
		2A1BEAC820B2B7AE001556B3 /* XHKIT+UIView.swift */ = {isa = PBXFileReference; lastKnownFileType = sourcecode.swift; path = "XHKIT+UIView.swift"; sourceTree = "<group>"; };
		2A1BEACA20B2E3E8001556B3 /* XHKIT+UIApplication.swift */ = {isa = PBXFileReference; lastKnownFileType = sourcecode.swift; path = "XHKIT+UIApplication.swift"; sourceTree = "<group>"; };
		2A46B3F220AAC57B007298D7 /* XHKIT.app */ = {isa = PBXFileReference; explicitFileType = wrapper.application; includeInIndex = 0; path = XHKIT.app; sourceTree = BUILT_PRODUCTS_DIR; };
		2A46B3F520AAC57B007298D7 /* AppDelegate.swift */ = {isa = PBXFileReference; lastKnownFileType = sourcecode.swift; path = AppDelegate.swift; sourceTree = "<group>"; };
		2A46B3F720AAC57B007298D7 /* ViewController.swift */ = {isa = PBXFileReference; lastKnownFileType = sourcecode.swift; path = ViewController.swift; sourceTree = "<group>"; };
		2A46B3FA20AAC57B007298D7 /* Base */ = {isa = PBXFileReference; lastKnownFileType = file.storyboard; name = Base; path = Base.lproj/Main.storyboard; sourceTree = "<group>"; };
		2A46B3FC20AAC57D007298D7 /* Assets.xcassets */ = {isa = PBXFileReference; lastKnownFileType = folder.assetcatalog; path = Assets.xcassets; sourceTree = "<group>"; };
		2A46B3FF20AAC57D007298D7 /* Base */ = {isa = PBXFileReference; lastKnownFileType = file.storyboard; name = Base; path = Base.lproj/LaunchScreen.storyboard; sourceTree = "<group>"; };
		2A46B40120AAC57D007298D7 /* Info.plist */ = {isa = PBXFileReference; lastKnownFileType = text.plist.xml; path = Info.plist; sourceTree = "<group>"; };
		2A46B40620AAC57D007298D7 /* XHKITTests.xctest */ = {isa = PBXFileReference; explicitFileType = wrapper.cfbundle; includeInIndex = 0; path = XHKITTests.xctest; sourceTree = BUILT_PRODUCTS_DIR; };
		2A46B40A20AAC57D007298D7 /* XHKITTests.swift */ = {isa = PBXFileReference; lastKnownFileType = sourcecode.swift; path = XHKITTests.swift; sourceTree = "<group>"; };
		2A46B40C20AAC57D007298D7 /* Info.plist */ = {isa = PBXFileReference; lastKnownFileType = text.plist.xml; path = Info.plist; sourceTree = "<group>"; };
		2A46B41120AAC57D007298D7 /* XHKITUITests.xctest */ = {isa = PBXFileReference; explicitFileType = wrapper.cfbundle; includeInIndex = 0; path = XHKITUITests.xctest; sourceTree = BUILT_PRODUCTS_DIR; };
		2A46B41520AAC57D007298D7 /* XHKITUITests.swift */ = {isa = PBXFileReference; lastKnownFileType = sourcecode.swift; path = XHKITUITests.swift; sourceTree = "<group>"; };
		2A46B41720AAC57D007298D7 /* Info.plist */ = {isa = PBXFileReference; lastKnownFileType = text.plist.xml; path = Info.plist; sourceTree = "<group>"; };
		2A46B42320AAC5BB007298D7 /* XHKIT+NSString.swift */ = {isa = PBXFileReference; lastKnownFileType = sourcecode.swift; path = "XHKIT+NSString.swift"; sourceTree = "<group>"; };
		2A46B42520AAC967007298D7 /* XHKIT-Bridging-Header.h */ = {isa = PBXFileReference; lastKnownFileType = sourcecode.c.h; path = "XHKIT-Bridging-Header.h"; sourceTree = "<group>"; };
		2A608B0520AD2ACD00355E01 /* XHKIT+UIDevice.swift */ = {isa = PBXFileReference; lastKnownFileType = sourcecode.swift; path = "XHKIT+UIDevice.swift"; sourceTree = "<group>"; };
		2A6ABD8820B26DE10069F013 /* XHKIT+UIImage.swift */ = {isa = PBXFileReference; lastKnownFileType = sourcecode.swift; path = "XHKIT+UIImage.swift"; sourceTree = "<group>"; };
/* End PBXFileReference section */

/* Begin PBXFrameworksBuildPhase section */
		2A46B3EF20AAC57B007298D7 /* Frameworks */ = {
			isa = PBXFrameworksBuildPhase;
			buildActionMask = 2147483647;
			files = (
			);
			runOnlyForDeploymentPostprocessing = 0;
		};
		2A46B40320AAC57D007298D7 /* Frameworks */ = {
			isa = PBXFrameworksBuildPhase;
			buildActionMask = 2147483647;
			files = (
			);
			runOnlyForDeploymentPostprocessing = 0;
		};
		2A46B40E20AAC57D007298D7 /* Frameworks */ = {
			isa = PBXFrameworksBuildPhase;
			buildActionMask = 2147483647;
			files = (
			);
			runOnlyForDeploymentPostprocessing = 0;
		};
/* End PBXFrameworksBuildPhase section */

/* Begin PBXGroup section */
		2A46B3E920AAC57B007298D7 = {
			isa = PBXGroup;
			children = (
				2A46B3F420AAC57B007298D7 /* XHKIT */,
				2A46B40920AAC57D007298D7 /* XHKITTests */,
				2A46B41420AAC57D007298D7 /* XHKITUITests */,
				2A46B3F320AAC57B007298D7 /* Products */,
			);
			sourceTree = "<group>";
		};
		2A46B3F320AAC57B007298D7 /* Products */ = {
			isa = PBXGroup;
			children = (
				2A46B3F220AAC57B007298D7 /* XHKIT.app */,
				2A46B40620AAC57D007298D7 /* XHKITTests.xctest */,
				2A46B41120AAC57D007298D7 /* XHKITUITests.xctest */,
			);
			name = Products;
			sourceTree = "<group>";
		};
		2A46B3F420AAC57B007298D7 /* XHKIT */ = {
			isa = PBXGroup;
			children = (
				2A46B3F520AAC57B007298D7 /* AppDelegate.swift */,
				2A46B3F720AAC57B007298D7 /* ViewController.swift */,
				2A46B3F920AAC57B007298D7 /* Main.storyboard */,
				2A46B3FC20AAC57D007298D7 /* Assets.xcassets */,
				2A46B3FE20AAC57D007298D7 /* LaunchScreen.storyboard */,
				2A46B40120AAC57D007298D7 /* Info.plist */,
				2A46B42320AAC5BB007298D7 /* XHKIT+NSString.swift */,
				2A46B42520AAC967007298D7 /* XHKIT-Bridging-Header.h */,
				2A608B0520AD2ACD00355E01 /* XHKIT+UIDevice.swift */,
				2A6ABD8820B26DE10069F013 /* XHKIT+UIImage.swift */,
				2A1BEAC820B2B7AE001556B3 /* XHKIT+UIView.swift */,
				2A1BEACA20B2E3E8001556B3 /* XHKIT+UIApplication.swift */,
			);
			path = XHKIT;
			sourceTree = "<group>";
		};
		2A46B40920AAC57D007298D7 /* XHKITTests */ = {
			isa = PBXGroup;
			children = (
				2A46B40A20AAC57D007298D7 /* XHKITTests.swift */,
				2A46B40C20AAC57D007298D7 /* Info.plist */,
			);
			path = XHKITTests;
			sourceTree = "<group>";
		};
		2A46B41420AAC57D007298D7 /* XHKITUITests */ = {
			isa = PBXGroup;
			children = (
				2A46B41520AAC57D007298D7 /* XHKITUITests.swift */,
				2A46B41720AAC57D007298D7 /* Info.plist */,
			);
			path = XHKITUITests;
			sourceTree = "<group>";
		};
/* End PBXGroup section */

/* Begin PBXNativeTarget section */
		2A46B3F120AAC57B007298D7 /* XHKIT */ = {
			isa = PBXNativeTarget;
			buildConfigurationList = 2A46B41A20AAC57D007298D7 /* Build configuration list for PBXNativeTarget "XHKIT" */;
			buildPhases = (
				2A46B3EE20AAC57B007298D7 /* Sources */,
				2A46B3EF20AAC57B007298D7 /* Frameworks */,
				2A46B3F020AAC57B007298D7 /* Resources */,
			);
			buildRules = (
			);
			dependencies = (
			);
			name = XHKIT;
			productName = XHKIT;
			productReference = 2A46B3F220AAC57B007298D7 /* XHKIT.app */;
			productType = "com.apple.product-type.application";
		};
		2A46B40520AAC57D007298D7 /* XHKITTests */ = {
			isa = PBXNativeTarget;
			buildConfigurationList = 2A46B41D20AAC57D007298D7 /* Build configuration list for PBXNativeTarget "XHKITTests" */;
			buildPhases = (
				2A46B40220AAC57D007298D7 /* Sources */,
				2A46B40320AAC57D007298D7 /* Frameworks */,
				2A46B40420AAC57D007298D7 /* Resources */,
			);
			buildRules = (
			);
			dependencies = (
				2A46B40820AAC57D007298D7 /* PBXTargetDependency */,
			);
			name = XHKITTests;
			productName = XHKITTests;
			productReference = 2A46B40620AAC57D007298D7 /* XHKITTests.xctest */;
			productType = "com.apple.product-type.bundle.unit-test";
		};
		2A46B41020AAC57D007298D7 /* XHKITUITests */ = {
			isa = PBXNativeTarget;
			buildConfigurationList = 2A46B42020AAC57D007298D7 /* Build configuration list for PBXNativeTarget "XHKITUITests" */;
			buildPhases = (
				2A46B40D20AAC57D007298D7 /* Sources */,
				2A46B40E20AAC57D007298D7 /* Frameworks */,
				2A46B40F20AAC57D007298D7 /* Resources */,
			);
			buildRules = (
			);
			dependencies = (
				2A46B41320AAC57D007298D7 /* PBXTargetDependency */,
			);
			name = XHKITUITests;
			productName = XHKITUITests;
			productReference = 2A46B41120AAC57D007298D7 /* XHKITUITests.xctest */;
			productType = "com.apple.product-type.bundle.ui-testing";
		};
/* End PBXNativeTarget section */

/* Begin PBXProject section */
		2A46B3EA20AAC57B007298D7 /* Project object */ = {
			isa = PBXProject;
			attributes = {
				LastSwiftUpdateCheck = 0930;
				LastUpgradeCheck = 0930;
				ORGANIZATIONNAME = Xavier;
				TargetAttributes = {
					2A46B3F120AAC57B007298D7 = {
						CreatedOnToolsVersion = 9.3;
						LastSwiftMigration = 0930;
					};
					2A46B40520AAC57D007298D7 = {
						CreatedOnToolsVersion = 9.3;
						TestTargetID = 2A46B3F120AAC57B007298D7;
					};
					2A46B41020AAC57D007298D7 = {
						CreatedOnToolsVersion = 9.3;
						TestTargetID = 2A46B3F120AAC57B007298D7;
					};
				};
			};
			buildConfigurationList = 2A46B3ED20AAC57B007298D7 /* Build configuration list for PBXProject "XHKIT" */;
			compatibilityVersion = "Xcode 9.3";
			developmentRegion = en;
			hasScannedForEncodings = 0;
			knownRegions = (
				en,
				Base,
			);
			mainGroup = 2A46B3E920AAC57B007298D7;
			productRefGroup = 2A46B3F320AAC57B007298D7 /* Products */;
			projectDirPath = "";
			projectRoot = "";
			targets = (
				2A46B3F120AAC57B007298D7 /* XHKIT */,
				2A46B40520AAC57D007298D7 /* XHKITTests */,
				2A46B41020AAC57D007298D7 /* XHKITUITests */,
			);
		};
/* End PBXProject section */

/* Begin PBXResourcesBuildPhase section */
		2A46B3F020AAC57B007298D7 /* Resources */ = {
			isa = PBXResourcesBuildPhase;
			buildActionMask = 2147483647;
			files = (
				2A46B40020AAC57D007298D7 /* LaunchScreen.storyboard in Resources */,
				2A46B3FD20AAC57D007298D7 /* Assets.xcassets in Resources */,
				2A46B3FB20AAC57B007298D7 /* Main.storyboard in Resources */,
			);
			runOnlyForDeploymentPostprocessing = 0;
		};
		2A46B40420AAC57D007298D7 /* Resources */ = {
			isa = PBXResourcesBuildPhase;
			buildActionMask = 2147483647;
			files = (
			);
			runOnlyForDeploymentPostprocessing = 0;
		};
		2A46B40F20AAC57D007298D7 /* Resources */ = {
			isa = PBXResourcesBuildPhase;
			buildActionMask = 2147483647;
			files = (
			);
			runOnlyForDeploymentPostprocessing = 0;
		};
/* End PBXResourcesBuildPhase section */

/* Begin PBXSourcesBuildPhase section */
		2A46B3EE20AAC57B007298D7 /* Sources */ = {
			isa = PBXSourcesBuildPhase;
			buildActionMask = 2147483647;
			files = (
				2A1BEACB20B2E3E8001556B3 /* XHKIT+UIApplication.swift in Sources */,
				2A608B0620AD2ACD00355E01 /* XHKIT+UIDevice.swift in Sources */,
				2A46B42420AAC5BB007298D7 /* XHKIT+NSString.swift in Sources */,
				2A6ABD8920B26DE10069F013 /* XHKIT+UIImage.swift in Sources */,
				2A1BEAC920B2B7AE001556B3 /* XHKIT+UIView.swift in Sources */,
				2A46B3F820AAC57B007298D7 /* ViewController.swift in Sources */,
				2A46B3F620AAC57B007298D7 /* AppDelegate.swift in Sources */,
			);
			runOnlyForDeploymentPostprocessing = 0;
		};
		2A46B40220AAC57D007298D7 /* Sources */ = {
			isa = PBXSourcesBuildPhase;
			buildActionMask = 2147483647;
			files = (
				2A46B40B20AAC57D007298D7 /* XHKITTests.swift in Sources */,
			);
			runOnlyForDeploymentPostprocessing = 0;
		};
		2A46B40D20AAC57D007298D7 /* Sources */ = {
			isa = PBXSourcesBuildPhase;
			buildActionMask = 2147483647;
			files = (
				2A46B41620AAC57D007298D7 /* XHKITUITests.swift in Sources */,
			);
			runOnlyForDeploymentPostprocessing = 0;
		};
/* End PBXSourcesBuildPhase section */

/* Begin PBXTargetDependency section */
		2A46B40820AAC57D007298D7 /* PBXTargetDependency */ = {
			isa = PBXTargetDependency;
			target = 2A46B3F120AAC57B007298D7 /* XHKIT */;
			targetProxy = 2A46B40720AAC57D007298D7 /* PBXContainerItemProxy */;
		};
		2A46B41320AAC57D007298D7 /* PBXTargetDependency */ = {
			isa = PBXTargetDependency;
			target = 2A46B3F120AAC57B007298D7 /* XHKIT */;
			targetProxy = 2A46B41220AAC57D007298D7 /* PBXContainerItemProxy */;
		};
/* End PBXTargetDependency section */

/* Begin PBXVariantGroup section */
		2A46B3F920AAC57B007298D7 /* Main.storyboard */ = {
			isa = PBXVariantGroup;
			children = (
				2A46B3FA20AAC57B007298D7 /* Base */,
			);
			name = Main.storyboard;
			sourceTree = "<group>";
		};
		2A46B3FE20AAC57D007298D7 /* LaunchScreen.storyboard */ = {
			isa = PBXVariantGroup;
			children = (
				2A46B3FF20AAC57D007298D7 /* Base */,
			);
			name = LaunchScreen.storyboard;
			sourceTree = "<group>";
		};
/* End PBXVariantGroup section */

/* Begin XCBuildConfiguration section */
		2A46B41820AAC57D007298D7 /* Debug */ = {
			isa = XCBuildConfiguration;
			buildSettings = {
				ALWAYS_SEARCH_USER_PATHS = NO;
				CLANG_ANALYZER_NONNULL = YES;
				CLANG_ANALYZER_NUMBER_OBJECT_CONVERSION = YES_AGGRESSIVE;
				CLANG_CXX_LANGUAGE_STANDARD = "gnu++14";
				CLANG_CXX_LIBRARY = "libc++";
				CLANG_ENABLE_MODULES = YES;
				CLANG_ENABLE_OBJC_ARC = YES;
				CLANG_ENABLE_OBJC_WEAK = YES;
				CLANG_WARN_BLOCK_CAPTURE_AUTORELEASING = YES;
				CLANG_WARN_BOOL_CONVERSION = YES;
				CLANG_WARN_COMMA = YES;
				CLANG_WARN_CONSTANT_CONVERSION = YES;
				CLANG_WARN_DEPRECATED_OBJC_IMPLEMENTATIONS = YES;
				CLANG_WARN_DIRECT_OBJC_ISA_USAGE = YES_ERROR;
				CLANG_WARN_DOCUMENTATION_COMMENTS = YES;
				CLANG_WARN_EMPTY_BODY = YES;
				CLANG_WARN_ENUM_CONVERSION = YES;
				CLANG_WARN_INFINITE_RECURSION = YES;
				CLANG_WARN_INT_CONVERSION = YES;
				CLANG_WARN_NON_LITERAL_NULL_CONVERSION = YES;
				CLANG_WARN_OBJC_IMPLICIT_RETAIN_SELF = YES;
				CLANG_WARN_OBJC_LITERAL_CONVERSION = YES;
				CLANG_WARN_OBJC_ROOT_CLASS = YES_ERROR;
				CLANG_WARN_RANGE_LOOP_ANALYSIS = YES;
				CLANG_WARN_STRICT_PROTOTYPES = YES;
				CLANG_WARN_SUSPICIOUS_MOVE = YES;
				CLANG_WARN_UNGUARDED_AVAILABILITY = YES_AGGRESSIVE;
				CLANG_WARN_UNREACHABLE_CODE = YES;
				CLANG_WARN__DUPLICATE_METHOD_MATCH = YES;
				CODE_SIGN_IDENTITY = "iPhone Developer";
				COPY_PHASE_STRIP = NO;
				DEBUG_INFORMATION_FORMAT = dwarf;
				ENABLE_STRICT_OBJC_MSGSEND = YES;
				ENABLE_TESTABILITY = YES;
				GCC_C_LANGUAGE_STANDARD = gnu11;
				GCC_DYNAMIC_NO_PIC = NO;
				GCC_NO_COMMON_BLOCKS = YES;
				GCC_OPTIMIZATION_LEVEL = 0;
				GCC_PREPROCESSOR_DEFINITIONS = (
					"DEBUG=1",
					"$(inherited)",
				);
				GCC_WARN_64_TO_32_BIT_CONVERSION = YES;
				GCC_WARN_ABOUT_RETURN_TYPE = YES_ERROR;
				GCC_WARN_UNDECLARED_SELECTOR = YES;
				GCC_WARN_UNINITIALIZED_AUTOS = YES_AGGRESSIVE;
				GCC_WARN_UNUSED_FUNCTION = YES;
				GCC_WARN_UNUSED_VARIABLE = YES;
				IPHONEOS_DEPLOYMENT_TARGET = 11.3;
				MTL_ENABLE_DEBUG_INFO = YES;
				ONLY_ACTIVE_ARCH = YES;
				SDKROOT = iphoneos;
				SWIFT_ACTIVE_COMPILATION_CONDITIONS = DEBUG;
				SWIFT_OPTIMIZATION_LEVEL = "-Onone";
			};
			name = Debug;
		};
		2A46B41920AAC57D007298D7 /* Release */ = {
			isa = XCBuildConfiguration;
			buildSettings = {
				ALWAYS_SEARCH_USER_PATHS = NO;
				CLANG_ANALYZER_NONNULL = YES;
				CLANG_ANALYZER_NUMBER_OBJECT_CONVERSION = YES_AGGRESSIVE;
				CLANG_CXX_LANGUAGE_STANDARD = "gnu++14";
				CLANG_CXX_LIBRARY = "libc++";
				CLANG_ENABLE_MODULES = YES;
				CLANG_ENABLE_OBJC_ARC = YES;
				CLANG_ENABLE_OBJC_WEAK = YES;
				CLANG_WARN_BLOCK_CAPTURE_AUTORELEASING = YES;
				CLANG_WARN_BOOL_CONVERSION = YES;
				CLANG_WARN_COMMA = YES;
				CLANG_WARN_CONSTANT_CONVERSION = YES;
				CLANG_WARN_DEPRECATED_OBJC_IMPLEMENTATIONS = YES;
				CLANG_WARN_DIRECT_OBJC_ISA_USAGE = YES_ERROR;
				CLANG_WARN_DOCUMENTATION_COMMENTS = YES;
				CLANG_WARN_EMPTY_BODY = YES;
				CLANG_WARN_ENUM_CONVERSION = YES;
				CLANG_WARN_INFINITE_RECURSION = YES;
				CLANG_WARN_INT_CONVERSION = YES;
				CLANG_WARN_NON_LITERAL_NULL_CONVERSION = YES;
				CLANG_WARN_OBJC_IMPLICIT_RETAIN_SELF = YES;
				CLANG_WARN_OBJC_LITERAL_CONVERSION = YES;
				CLANG_WARN_OBJC_ROOT_CLASS = YES_ERROR;
				CLANG_WARN_RANGE_LOOP_ANALYSIS = YES;
				CLANG_WARN_STRICT_PROTOTYPES = YES;
				CLANG_WARN_SUSPICIOUS_MOVE = YES;
				CLANG_WARN_UNGUARDED_AVAILABILITY = YES_AGGRESSIVE;
				CLANG_WARN_UNREACHABLE_CODE = YES;
				CLANG_WARN__DUPLICATE_METHOD_MATCH = YES;
				CODE_SIGN_IDENTITY = "iPhone Developer";
				COPY_PHASE_STRIP = NO;
				DEBUG_INFORMATION_FORMAT = "dwarf-with-dsym";
				ENABLE_NS_ASSERTIONS = NO;
				ENABLE_STRICT_OBJC_MSGSEND = YES;
				GCC_C_LANGUAGE_STANDARD = gnu11;
				GCC_NO_COMMON_BLOCKS = YES;
				GCC_WARN_64_TO_32_BIT_CONVERSION = YES;
				GCC_WARN_ABOUT_RETURN_TYPE = YES_ERROR;
				GCC_WARN_UNDECLARED_SELECTOR = YES;
				GCC_WARN_UNINITIALIZED_AUTOS = YES_AGGRESSIVE;
				GCC_WARN_UNUSED_FUNCTION = YES;
				GCC_WARN_UNUSED_VARIABLE = YES;
				IPHONEOS_DEPLOYMENT_TARGET = 11.3;
				MTL_ENABLE_DEBUG_INFO = NO;
				SDKROOT = iphoneos;
				SWIFT_COMPILATION_MODE = wholemodule;
				SWIFT_OPTIMIZATION_LEVEL = "-O";
				VALIDATE_PRODUCT = YES;
			};
			name = Release;
		};
		2A46B41B20AAC57D007298D7 /* Debug */ = {
			isa = XCBuildConfiguration;
			buildSettings = {
				ASSETCATALOG_COMPILER_APPICON_NAME = AppIcon;
				CLANG_ENABLE_MODULES = YES;
				CODE_SIGN_STYLE = Automatic;
				DEVELOPMENT_TEAM = 4XQRJRP48E;
				INFOPLIST_FILE = XHKIT/Info.plist;
				IPHONEOS_DEPLOYMENT_TARGET = 9.0;
				LD_RUNPATH_SEARCH_PATHS = (
					"$(inherited)",
					"@executable_path/Frameworks",
				);
				PRODUCT_BUNDLE_IDENTIFIER = com.xavier.XHKIT;
				PRODUCT_NAME = "$(TARGET_NAME)";
				SWIFT_OBJC_BRIDGING_HEADER = "XHKIT/XHKIT-Bridging-Header.h";
				SWIFT_OPTIMIZATION_LEVEL = "-Onone";
				SWIFT_VERSION = 4.0;
				TARGETED_DEVICE_FAMILY = "1,2";
			};
			name = Debug;
		};
		2A46B41C20AAC57D007298D7 /* Release */ = {
			isa = XCBuildConfiguration;
			buildSettings = {
				ASSETCATALOG_COMPILER_APPICON_NAME = AppIcon;
				CLANG_ENABLE_MODULES = YES;
				CODE_SIGN_STYLE = Automatic;
				DEVELOPMENT_TEAM = 4XQRJRP48E;
				INFOPLIST_FILE = XHKIT/Info.plist;
				IPHONEOS_DEPLOYMENT_TARGET = 9.0;
				LD_RUNPATH_SEARCH_PATHS = (
					"$(inherited)",
					"@executable_path/Frameworks",
				);
				PRODUCT_BUNDLE_IDENTIFIER = com.xavier.XHKIT;
				PRODUCT_NAME = "$(TARGET_NAME)";
				SWIFT_OBJC_BRIDGING_HEADER = "XHKIT/XHKIT-Bridging-Header.h";
				SWIFT_VERSION = 4.0;
				TARGETED_DEVICE_FAMILY = "1,2";
			};
			name = Release;
		};
		2A46B41E20AAC57D007298D7 /* Debug */ = {
			isa = XCBuildConfiguration;
			buildSettings = {
				ALWAYS_EMBED_SWIFT_STANDARD_LIBRARIES = YES;
				BUNDLE_LOADER = "$(TEST_HOST)";
				CODE_SIGN_STYLE = Automatic;
				DEVELOPMENT_TEAM = 4XQRJRP48E;
				INFOPLIST_FILE = XHKITTests/Info.plist;
				LD_RUNPATH_SEARCH_PATHS = (
					"$(inherited)",
					"@executable_path/Frameworks",
					"@loader_path/Frameworks",
				);
				PRODUCT_BUNDLE_IDENTIFIER = com.xavier.XHKITTests;
				PRODUCT_NAME = "$(TARGET_NAME)";
				SWIFT_VERSION = 4.0;
				TARGETED_DEVICE_FAMILY = "1,2";
				TEST_HOST = "$(BUILT_PRODUCTS_DIR)/XHKIT.app/XHKIT";
			};
			name = Debug;
		};
		2A46B41F20AAC57D007298D7 /* Release */ = {
			isa = XCBuildConfiguration;
			buildSettings = {
				ALWAYS_EMBED_SWIFT_STANDARD_LIBRARIES = YES;
				BUNDLE_LOADER = "$(TEST_HOST)";
				CODE_SIGN_STYLE = Automatic;
				DEVELOPMENT_TEAM = 4XQRJRP48E;
				INFOPLIST_FILE = XHKITTests/Info.plist;
				LD_RUNPATH_SEARCH_PATHS = (
					"$(inherited)",
					"@executable_path/Frameworks",
					"@loader_path/Frameworks",
				);
				PRODUCT_BUNDLE_IDENTIFIER = com.xavier.XHKITTests;
				PRODUCT_NAME = "$(TARGET_NAME)";
				SWIFT_VERSION = 4.0;
				TARGETED_DEVICE_FAMILY = "1,2";
				TEST_HOST = "$(BUILT_PRODUCTS_DIR)/XHKIT.app/XHKIT";
			};
			name = Release;
		};
		2A46B42120AAC57D007298D7 /* Debug */ = {
			isa = XCBuildConfiguration;
			buildSettings = {
				ALWAYS_EMBED_SWIFT_STANDARD_LIBRARIES = YES;
				CODE_SIGN_STYLE = Automatic;
				DEVELOPMENT_TEAM = 4XQRJRP48E;
				INFOPLIST_FILE = XHKITUITests/Info.plist;
				LD_RUNPATH_SEARCH_PATHS = (
					"$(inherited)",
					"@executable_path/Frameworks",
					"@loader_path/Frameworks",
				);
				PRODUCT_BUNDLE_IDENTIFIER = com.xavier.XHKITUITests;
				PRODUCT_NAME = "$(TARGET_NAME)";
				SWIFT_VERSION = 4.0;
				TARGETED_DEVICE_FAMILY = "1,2";
				TEST_TARGET_NAME = XHKIT;
			};
			name = Debug;
		};
		2A46B42220AAC57D007298D7 /* Release */ = {
			isa = XCBuildConfiguration;
			buildSettings = {
				ALWAYS_EMBED_SWIFT_STANDARD_LIBRARIES = YES;
				CODE_SIGN_STYLE = Automatic;
				DEVELOPMENT_TEAM = 4XQRJRP48E;
				INFOPLIST_FILE = XHKITUITests/Info.plist;
				LD_RUNPATH_SEARCH_PATHS = (
					"$(inherited)",
					"@executable_path/Frameworks",
					"@loader_path/Frameworks",
				);
				PRODUCT_BUNDLE_IDENTIFIER = com.xavier.XHKITUITests;
				PRODUCT_NAME = "$(TARGET_NAME)";
				SWIFT_VERSION = 4.0;
				TARGETED_DEVICE_FAMILY = "1,2";
				TEST_TARGET_NAME = XHKIT;
			};
			name = Release;
		};
/* End XCBuildConfiguration section */

/* Begin XCConfigurationList section */
		2A46B3ED20AAC57B007298D7 /* Build configuration list for PBXProject "XHKIT" */ = {
			isa = XCConfigurationList;
			buildConfigurations = (
				2A46B41820AAC57D007298D7 /* Debug */,
				2A46B41920AAC57D007298D7 /* Release */,
			);
			defaultConfigurationIsVisible = 0;
			defaultConfigurationName = Release;
		};
		2A46B41A20AAC57D007298D7 /* Build configuration list for PBXNativeTarget "XHKIT" */ = {
			isa = XCConfigurationList;
			buildConfigurations = (
				2A46B41B20AAC57D007298D7 /* Debug */,
				2A46B41C20AAC57D007298D7 /* Release */,
			);
			defaultConfigurationIsVisible = 0;
			defaultConfigurationName = Release;
		};
		2A46B41D20AAC57D007298D7 /* Build configuration list for PBXNativeTarget "XHKITTests" */ = {
			isa = XCConfigurationList;
			buildConfigurations = (
				2A46B41E20AAC57D007298D7 /* Debug */,
				2A46B41F20AAC57D007298D7 /* Release */,
			);
			defaultConfigurationIsVisible = 0;
			defaultConfigurationName = Release;
		};
		2A46B42020AAC57D007298D7 /* Build configuration list for PBXNativeTarget "XHKITUITests" */ = {
			isa = XCConfigurationList;
			buildConfigurations = (
				2A46B42120AAC57D007298D7 /* Debug */,
				2A46B42220AAC57D007298D7 /* Release */,
			);
			defaultConfigurationIsVisible = 0;
			defaultConfigurationName = Release;
		};
/* End XCConfigurationList section */
	};
	rootObject = 2A46B3EA20AAC57B007298D7 /* Project object */;
}
